{
  "name": "web",
  "version": "1.0.0",
  "lockfileVersion": 3,
  "requires": true,
  "packages": {
    "": {
      "name": "web",
      "version": "1.0.0",
      "license": "ISC",
      "dependencies": {
        "beerus": "file:../pkg"
      }
    },
    "../pkg": {
      "name": "beerus",
      "version": "0.5.0"
    },
    "node_modules/beerus": {
      "resolved": "../pkg",
      "link": true
    }
  }
}
