{
    "name": "beerus-web",
    "version": "1.0.0",
    "lockfileVersion": 3,
    "requires": true,
    "packages": {
        "": {
            "name": "beerus-web",
            "version": "1.0.0",
            "license": "TBD",
            "dependencies": {
                "beerus": "file:beerus-web/pkg",
                "beerus-web": "file:beerus-web/pkg"
            }
        },
        "beerus-web/pkg": {
            "name": "beerus-web",
            "version": "0.1.0",
            "license": "MIT"
        },
        "node_modules/beerus": {
            "resolved": "beerus-web/pkg",
            "link": true
        },
        "node_modules/beerus-web": {
            "resolved": "beerus-web/pkg",
            "link": true
        }
    }
}
